
Microsoft Visual Studio Solution File, Format Version 12.00
# Visual Studio Version 17
VisualStudioVersion = 17.10.35122.118
MinimumVisualStudioVersion = 10.0.40219.1
Project("{FAE04EC0-301F-11D3-BF4B-00C04F79EFBC}") = "Evaluacion1", "Evaluacion1\Evaluacion1.csproj", "{39B3A5B6-1CBC-4E8B-9732-57B90CF1F3FC}"
EndProject
Global
	GlobalSection(SolutionConfigurationPlatforms) = preSolution
		Debug|Any CPU = Debug|Any CPU
		Release|Any CPU = Release|Any CPU
	EndGlobalSection
	GlobalSection(ProjectConfigurationPlatforms) = postSolution
		{39B3A5B6-1CBC-4E8B-9732-57B90CF1F3FC}.Debug|Any CPU.ActiveCfg = Debug|Any CPU
		{39B3A5B6-1CBC-4E8B-9732-57B90CF1F3FC}.Debug|Any CPU.Build.0 = Debug|Any CPU
		{39B3A5B6-1CBC-4E8B-9732-57B90CF1F3FC}.Release|Any CPU.ActiveCfg = Release|Any CPU
		{39B3A5B6-1CBC-4E8B-9732-57B90CF1F3FC}.Release|Any CPU.Build.0 = Release|Any CPU
	EndGlobalSection
	GlobalSection(SolutionProperties) = preSolution
		HideSolutionNode = FALSE
	EndGlobalSection
	GlobalSection(ExtensibilityGlobals) = postSolution
		SolutionGuid = {20469703-851C-4A66-AC56-A7A64DE1E777}
	EndGlobalSection
EndGlobal
